
Microsoft Visual Studio Solution File, Format Version 12.00
# Visual Studio 15
VisualStudioVersion = 15.0.28307.902
MinimumVisualStudioVersion = 10.0.40219.1
Project("{FAE04EC0-301F-11D3-BF4B-00C04F79EFBC}") = "appSchool", "appSchool\appSchool.csproj", "{A928ACD3-0668-4902-8A51-6327ECBA819B}"
EndProject
Global
	GlobalSection(SolutionConfigurationPlatforms) = preSolution
		Debug|Any CPU = Debug|Any CPU
		Release|Any CPU = Release|Any CPU
	EndGlobalSection
	GlobalSection(ProjectConfigurationPlatforms) = postSolution
		{A928ACD3-0668-4902-8A51-6327ECBA819B}.Debug|Any CPU.ActiveCfg = Debug|Any CPU
		{A928ACD3-0668-4902-8A51-6327ECBA819B}.Debug|Any CPU.Build.0 = Debug|Any CPU
		{A928ACD3-0668-4902-8A51-6327ECBA819B}.Release|Any CPU.ActiveCfg = Release|Any CPU
		{A928ACD3-0668-4902-8A51-6327ECBA819B}.Release|Any CPU.Build.0 = Release|Any CPU
	EndGlobalSection
	GlobalSection(SolutionProperties) = preSolution
		HideSolutionNode = FALSE
	EndGlobalSection
	GlobalSection(ExtensibilityGlobals) = postSolution
		SolutionGuid = {7CAC373F-5E6B-40FA-A9B6-486C2EDEE7F3}
	EndGlobalSection
EndGlobal
